
Microsoft Visual Studio Solution File, Format Version 12.00
# Visual Studio Version 17
VisualStudioVersion = 17.14.37012.4 d17.14
MinimumVisualStudioVersion = 10.0.40219.1
Project("{FAE04EC0-301F-11D3-BF4B-00C04F79EFBC}") = "github_projekt", "github_projekt\github_projekt.csproj", "{A6A7D892-B0D8-4E93-A42D-E308BC300229}"
EndProject
Global
	GlobalSection(SolutionConfigurationPlatforms) = preSolution
		Debug|Any CPU = Debug|Any CPU
		Release|Any CPU = Release|Any CPU
	EndGlobalSection
	GlobalSection(ProjectConfigurationPlatforms) = postSolution
		{A6A7D892-B0D8-4E93-A42D-E308BC300229}.Debug|Any CPU.ActiveCfg = Debug|Any CPU
		{A6A7D892-B0D8-4E93-A42D-E308BC300229}.Debug|Any CPU.Build.0 = Debug|Any CPU
		{A6A7D892-B0D8-4E93-A42D-E308BC300229}.Release|Any CPU.ActiveCfg = Release|Any CPU
		{A6A7D892-B0D8-4E93-A42D-E308BC300229}.Release|Any CPU.Build.0 = Release|Any CPU
	EndGlobalSection
	GlobalSection(SolutionProperties) = preSolution
		HideSolutionNode = FALSE
	EndGlobalSection
	GlobalSection(ExtensibilityGlobals) = postSolution
		SolutionGuid = {649E7BF3-D77C-4CC5-B6BE-F1C4A41E6935}
	EndGlobalSection
EndGlobal
